
Microsoft Visual Studio Solution File, Format Version 12.00
Project("{FAE04EC0-301F-11D3-BF4B-00C04F79EFBC}") = "testTest", "testTest\testTest.csproj", "{CA6CFD8A-A63A-4B11-9561-F21FA4427D30}"
EndProject
Project("{FAE04EC0-301F-11D3-BF4B-00C04F79EFBC}") = "TestProject1", "TestProject1\TestProject1.csproj", "{ED9D20F6-ED34-425F-955F-1FD004145183}"
EndProject
Project("{FAE04EC0-301F-11D3-BF4B-00C04F79EFBC}") = "ConsoleApp1", "ConsoleApp1\ConsoleApp1.csproj", "{FE3D2C42-CD32-4051-8089-922E9D0634CA}"
EndProject
Global
	GlobalSection(SolutionConfigurationPlatforms) = preSolution
		Debug|Any CPU = Debug|Any CPU
		Release|Any CPU = Release|Any CPU
	EndGlobalSection
	GlobalSection(ProjectConfigurationPlatforms) = postSolution
		{CA6CFD8A-A63A-4B11-9561-F21FA4427D30}.Debug|Any CPU.ActiveCfg = Debug|Any CPU
		{CA6CFD8A-A63A-4B11-9561-F21FA4427D30}.Debug|Any CPU.Build.0 = Debug|Any CPU
		{CA6CFD8A-A63A-4B11-9561-F21FA4427D30}.Release|Any CPU.ActiveCfg = Release|Any CPU
		{CA6CFD8A-A63A-4B11-9561-F21FA4427D30}.Release|Any CPU.Build.0 = Release|Any CPU
		{ED9D20F6-ED34-425F-955F-1FD004145183}.Debug|Any CPU.ActiveCfg = Debug|Any CPU
		{ED9D20F6-ED34-425F-955F-1FD004145183}.Debug|Any CPU.Build.0 = Debug|Any CPU
		{ED9D20F6-ED34-425F-955F-1FD004145183}.Release|Any CPU.ActiveCfg = Release|Any CPU
		{ED9D20F6-ED34-425F-955F-1FD004145183}.Release|Any CPU.Build.0 = Release|Any CPU
		{FE3D2C42-CD32-4051-8089-922E9D0634CA}.Debug|Any CPU.ActiveCfg = Debug|Any CPU
		{FE3D2C42-CD32-4051-8089-922E9D0634CA}.Debug|Any CPU.Build.0 = Debug|Any CPU
		{FE3D2C42-CD32-4051-8089-922E9D0634CA}.Release|Any CPU.ActiveCfg = Release|Any CPU
		{FE3D2C42-CD32-4051-8089-922E9D0634CA}.Release|Any CPU.Build.0 = Release|Any CPU
	EndGlobalSection
EndGlobal
